// !$*UTF8*$!
{
	archiveVersion = 1;
	classes = {
	};
	objectVersion = 50;
	objects = {

/* Begin PBXBuildFile section */
		A501C002207C50E10013B096 /* AppDelegate.m in Sources */ = {isa = PBXBuildFile; fileRef = A501C001207C50E10013B096 /* AppDelegate.m */; };
		A501C005207C50E10013B096 /* ViewController.m in Sources */ = {isa = PBXBuildFile; fileRef = A501C004207C50E10013B096 /* ViewController.m */; };
		A501C008207C50E10013B096 /* Main.storyboard in Resources */ = {isa = PBXBuildFile; fileRef = A501C006207C50E10013B096 /* Main.storyboard */; };
		A501C00A207C50E50013B096 /* Assets.xcassets in Resources */ = {isa = PBXBuildFile; fileRef = A501C009207C50E50013B096 /* Assets.xcassets */; };
		A501C00D207C50E50013B096 /* LaunchScreen.storyboard in Resources */ = {isa = PBXBuildFile; fileRef = A501C00B207C50E50013B096 /* LaunchScreen.storyboard */; };
		A501C010207C50E50013B096 /* main.m in Sources */ = {isa = PBXBuildFile; fileRef = A501C00F207C50E50013B096 /* main.m */; };
		A501C01A207C50E50013B096 /* Study_runtime_001Tests.m in Sources */ = {isa = PBXBuildFile; fileRef = A501C019207C50E50013B096 /* Study_runtime_001Tests.m */; };
		A501C025207C50E50013B096 /* Study_runtime_001UITests.m in Sources */ = {isa = PBXBuildFile; fileRef = A501C024207C50E50013B096 /* Study_runtime_001UITests.m */; };
/* End PBXBuildFile section */

/* Begin PBXContainerItemProxy section */
		A501C016207C50E50013B096 /* PBXContainerItemProxy */ = {
			isa = PBXContainerItemProxy;
			containerPortal = A501BFF5207C50E10013B096 /* Project object */;
			proxyType = 1;
			remoteGlobalIDString = A501BFFC207C50E10013B096;
			remoteInfo = Study_runtime_001;
		};
		A501C021207C50E50013B096 /* PBXContainerItemProxy */ = {
			isa = PBXContainerItemProxy;
			containerPortal = A501BFF5207C50E10013B096 /* Project object */;
			proxyType = 1;
			remoteGlobalIDString = A501BFFC207C50E10013B096;
			remoteInfo = Study_runtime_001;
		};
/* End PBXContainerItemProxy section */

/* Begin PBXFileReference section */
		A501BFFD207C50E10013B096 /* Study_runtime_001.app */ = {isa = PBXFileReference; explicitFileType = wrapper.application; includeInIndex = 0; path = Study_runtime_001.app; sourceTree = BUILT_PRODUCTS_DIR; };
		A501C000207C50E10013B096 /* AppDelegate.h */ = {isa = PBXFileReference; lastKnownFileType = sourcecode.c.h; path = AppDelegate.h; sourceTree = "<group>"; };
		A501C001207C50E10013B096 /* AppDelegate.m */ = {isa = PBXFileReference; lastKnownFileType = sourcecode.c.objc; path = AppDelegate.m; sourceTree = "<group>"; };
		A501C003207C50E10013B096 /* ViewController.h */ = {isa = PBXFileReference; lastKnownFileType = sourcecode.c.h; path = ViewController.h; sourceTree = "<group>"; };
		A501C004207C50E10013B096 /* ViewController.m */ = {isa = PBXFileReference; lastKnownFileType = sourcecode.c.objc; path = ViewController.m; sourceTree = "<group>"; };
		A501C007207C50E10013B096 /* Base */ = {isa = PBXFileReference; lastKnownFileType = file.storyboard; name = Base; path = Base.lproj/Main.storyboard; sourceTree = "<group>"; };
		A501C009207C50E50013B096 /* Assets.xcassets */ = {isa = PBXFileReference; lastKnownFileType = folder.assetcatalog; path = Assets.xcassets; sourceTree = "<group>"; };
		A501C00C207C50E50013B096 /* Base */ = {isa = PBXFileReference; lastKnownFileType = file.storyboard; name = Base; path = Base.lproj/LaunchScreen.storyboard; sourceTree = "<group>"; };
		A501C00E207C50E50013B096 /* Info.plist */ = {isa = PBXFileReference; lastKnownFileType = text.plist.xml; path = Info.plist; sourceTree = "<group>"; };
		A501C00F207C50E50013B096 /* main.m */ = {isa = PBXFileReference; lastKnownFileType = sourcecode.c.objc; path = main.m; sourceTree = "<group>"; };
		A501C015207C50E50013B096 /* Study_runtime_001Tests.xctest */ = {isa = PBXFileReference; explicitFileType = wrapper.cfbundle; includeInIndex = 0; path = Study_runtime_001Tests.xctest; sourceTree = BUILT_PRODUCTS_DIR; };
		A501C019207C50E50013B096 /* Study_runtime_001Tests.m */ = {isa = PBXFileReference; lastKnownFileType = sourcecode.c.objc; path = Study_runtime_001Tests.m; sourceTree = "<group>"; };
		A501C01B207C50E50013B096 /* Info.plist */ = {isa = PBXFileReference; lastKnownFileType = text.plist.xml; path = Info.plist; sourceTree = "<group>"; };
		A501C020207C50E50013B096 /* Study_runtime_001UITests.xctest */ = {isa = PBXFileReference; explicitFileType = wrapper.cfbundle; includeInIndex = 0; path = Study_runtime_001UITests.xctest; sourceTree = BUILT_PRODUCTS_DIR; };
		A501C024207C50E50013B096 /* Study_runtime_001UITests.m */ = {isa = PBXFileReference; lastKnownFileType = sourcecode.c.objc; path = Study_runtime_001UITests.m; sourceTree = "<group>"; };
		A501C026207C50E50013B096 /* Info.plist */ = {isa = PBXFileReference; lastKnownFileType = text.plist.xml; path = Info.plist; sourceTree = "<group>"; };
/* End PBXFileReference section */

/* Begin PBXFrameworksBuildPhase section */
		A501BFFA207C50E10013B096 /* Frameworks */ = {
			isa = PBXFrameworksBuildPhase;
			buildActionMask = 2147483647;
			files = (
			);
			runOnlyForDeploymentPostprocessing = 0;
		};
		A501C012207C50E50013B096 /* Frameworks */ = {
			isa = PBXFrameworksBuildPhase;
			buildActionMask = 2147483647;
			files = (
			);
			runOnlyForDeploymentPostprocessing = 0;
		};
		A501C01D207C50E50013B096 /* Frameworks */ = {
			isa = PBXFrameworksBuildPhase;
			buildActionMask = 2147483647;
			files = (
			);
			runOnlyForDeploymentPostprocessing = 0;
		};
/* End PBXFrameworksBuildPhase section */

/* Begin PBXGroup section */
		A501BFF4207C50E10013B096 = {
			isa = PBXGroup;
			children = (
				A501BFFF207C50E10013B096 /* Study_runtime_001 */,
				A501C018207C50E50013B096 /* Study_runtime_001Tests */,
				A501C023207C50E50013B096 /* Study_runtime_001UITests */,
				A501BFFE207C50E10013B096 /* Products */,
			);
			sourceTree = "<group>";
		};
		A501BFFE207C50E10013B096 /* Products */ = {
			isa = PBXGroup;
			children = (
				A501BFFD207C50E10013B096 /* Study_runtime_001.app */,
				A501C015207C50E50013B096 /* Study_runtime_001Tests.xctest */,
				A501C020207C50E50013B096 /* Study_runtime_001UITests.xctest */,
			);
			name = Products;
			sourceTree = "<group>";
		};
		A501BFFF207C50E10013B096 /* Study_runtime_001 */ = {
			isa = PBXGroup;
			children = (
				A501C000207C50E10013B096 /* AppDelegate.h */,
				A501C001207C50E10013B096 /* AppDelegate.m */,
				A501C003207C50E10013B096 /* ViewController.h */,
				A501C004207C50E10013B096 /* ViewController.m */,
				A501C006207C50E10013B096 /* Main.storyboard */,
				A501C009207C50E50013B096 /* Assets.xcassets */,
				A501C00B207C50E50013B096 /* LaunchScreen.storyboard */,
				A501C00E207C50E50013B096 /* Info.plist */,
				A501C00F207C50E50013B096 /* main.m */,
			);
			path = Study_runtime_001;
			sourceTree = "<group>";
		};
		A501C018207C50E50013B096 /* Study_runtime_001Tests */ = {
			isa = PBXGroup;
			children = (
				A501C019207C50E50013B096 /* Study_runtime_001Tests.m */,
				A501C01B207C50E50013B096 /* Info.plist */,
			);
			path = Study_runtime_001Tests;
			sourceTree = "<group>";
		};
		A501C023207C50E50013B096 /* Study_runtime_001UITests */ = {
			isa = PBXGroup;
			children = (
				A501C024207C50E50013B096 /* Study_runtime_001UITests.m */,
				A501C026207C50E50013B096 /* Info.plist */,
			);
			path = Study_runtime_001UITests;
			sourceTree = "<group>";
		};
/* End PBXGroup section */

/* Begin PBXNativeTarget section */
		A501BFFC207C50E10013B096 /* Study_runtime_001 */ = {
			isa = PBXNativeTarget;
			buildConfigurationList = A501C029207C50E50013B096 /* Build configuration list for PBXNativeTarget "Study_runtime_001" */;
			buildPhases = (
				A501BFF9207C50E10013B096 /* Sources */,
				A501BFFA207C50E10013B096 /* Frameworks */,
				A501BFFB207C50E10013B096 /* Resources */,
			);
			buildRules = (
			);
			dependencies = (
			);
			name = Study_runtime_001;
			productName = Study_runtime_001;
			productReference = A501BFFD207C50E10013B096 /* Study_runtime_001.app */;
			productType = "com.apple.product-type.application";
		};
		A501C014207C50E50013B096 /* Study_runtime_001Tests */ = {
			isa = PBXNativeTarget;
			buildConfigurationList = A501C02C207C50E50013B096 /* Build configuration list for PBXNativeTarget "Study_runtime_001Tests" */;
			buildPhases = (
				A501C011207C50E50013B096 /* Sources */,
				A501C012207C50E50013B096 /* Frameworks */,
				A501C013207C50E50013B096 /* Resources */,
			);
			buildRules = (
			);
			dependencies = (
				A501C017207C50E50013B096 /* PBXTargetDependency */,
			);
			name = Study_runtime_001Tests;
			productName = Study_runtime_001Tests;
			productReference = A501C015207C50E50013B096 /* Study_runtime_001Tests.xctest */;
			productType = "com.apple.product-type.bundle.unit-test";
		};
		A501C01F207C50E50013B096 /* Study_runtime_001UITests */ = {
			isa = PBXNativeTarget;
			buildConfigurationList = A501C02F207C50E50013B096 /* Build configuration list for PBXNativeTarget "Study_runtime_001UITests" */;
			buildPhases = (
				A501C01C207C50E50013B096 /* Sources */,
				A501C01D207C50E50013B096 /* Frameworks */,
				A501C01E207C50E50013B096 /* Resources */,
			);
			buildRules = (
			);
			dependencies = (
				A501C022207C50E50013B096 /* PBXTargetDependency */,
			);
			name = Study_runtime_001UITests;
			productName = Study_runtime_001UITests;
			productReference = A501C020207C50E50013B096 /* Study_runtime_001UITests.xctest */;
			productType = "com.apple.product-type.bundle.ui-testing";
		};
/* End PBXNativeTarget section */

/* Begin PBXProject section */
		A501BFF5207C50E10013B096 /* Project object */ = {
			isa = PBXProject;
			attributes = {
				LastUpgradeCheck = 0930;
				ORGANIZATIONNAME = YjjTT;
				TargetAttributes = {
					A501BFFC207C50E10013B096 = {
						CreatedOnToolsVersion = 9.3;
					};
					A501C014207C50E50013B096 = {
						CreatedOnToolsVersion = 9.3;
						TestTargetID = A501BFFC207C50E10013B096;
					};
					A501C01F207C50E50013B096 = {
						CreatedOnToolsVersion = 9.3;
						TestTargetID = A501BFFC207C50E10013B096;
					};
				};
			};
			buildConfigurationList = A501BFF8207C50E10013B096 /* Build configuration list for PBXProject "Study_runtime_001" */;
			compatibilityVersion = "Xcode 9.3";
			developmentRegion = en;
			hasScannedForEncodings = 0;
			knownRegions = (
				en,
				Base,
			);
			mainGroup = A501BFF4207C50E10013B096;
			productRefGroup = A501BFFE207C50E10013B096 /* Products */;
			projectDirPath = "";
			projectRoot = "";
			targets = (
				A501BFFC207C50E10013B096 /* Study_runtime_001 */,
				A501C014207C50E50013B096 /* Study_runtime_001Tests */,
				A501C01F207C50E50013B096 /* Study_runtime_001UITests */,
			);
		};
/* End PBXProject section */

/* Begin PBXResourcesBuildPhase section */
		A501BFFB207C50E10013B096 /* Resources */ = {
			isa = PBXResourcesBuildPhase;
			buildActionMask = 2147483647;
			files = (
				A501C00D207C50E50013B096 /* LaunchScreen.storyboard in Resources */,
				A501C00A207C50E50013B096 /* Assets.xcassets in Resources */,
				A501C008207C50E10013B096 /* Main.storyboard in Resources */,
			);
			runOnlyForDeploymentPostprocessing = 0;
		};
		A501C013207C50E50013B096 /* Resources */ = {
			isa = PBXResourcesBuildPhase;
			buildActionMask = 2147483647;
			files = (
			);
			runOnlyForDeploymentPostprocessing = 0;
		};
		A501C01E207C50E50013B096 /* Resources */ = {
			isa = PBXResourcesBuildPhase;
			buildActionMask = 2147483647;
			files = (
			);
			runOnlyForDeploymentPostprocessing = 0;
		};
/* End PBXResourcesBuildPhase section */

/* Begin PBXSourcesBuildPhase section */
		A501BFF9207C50E10013B096 /* Sources */ = {
			isa = PBXSourcesBuildPhase;
			buildActionMask = 2147483647;
			files = (
				A501C005207C50E10013B096 /* ViewController.m in Sources */,
				A501C010207C50E50013B096 /* main.m in Sources */,
				A501C002207C50E10013B096 /* AppDelegate.m in Sources */,
			);
			runOnlyForDeploymentPostprocessing = 0;
		};
		A501C011207C50E50013B096 /* Sources */ = {
			isa = PBXSourcesBuildPhase;
			buildActionMask = 2147483647;
			files = (
				A501C01A207C50E50013B096 /* Study_runtime_001Tests.m in Sources */,
			);
			runOnlyForDeploymentPostprocessing = 0;
		};
		A501C01C207C50E50013B096 /* Sources */ = {
			isa = PBXSourcesBuildPhase;
			buildActionMask = 2147483647;
			files = (
				A501C025207C50E50013B096 /* Study_runtime_001UITests.m in Sources */,
			);
			runOnlyForDeploymentPostprocessing = 0;
		};
/* End PBXSourcesBuildPhase section */

/* Begin PBXTargetDependency section */
		A501C017207C50E50013B096 /* PBXTargetDependency */ = {
			isa = PBXTargetDependency;
			target = A501BFFC207C50E10013B096 /* Study_runtime_001 */;
			targetProxy = A501C016207C50E50013B096 /* PBXContainerItemProxy */;
		};
		A501C022207C50E50013B096 /* PBXTargetDependency */ = {
			isa = PBXTargetDependency;
			target = A501BFFC207C50E10013B096 /* Study_runtime_001 */;
			targetProxy = A501C021207C50E50013B096 /* PBXContainerItemProxy */;
		};
/* End PBXTargetDependency section */

/* Begin PBXVariantGroup section */
		A501C006207C50E10013B096 /* Main.storyboard */ = {
			isa = PBXVariantGroup;
			children = (
				A501C007207C50E10013B096 /* Base */,
			);
			name = Main.storyboard;
			sourceTree = "<group>";
		};
		A501C00B207C50E50013B096 /* LaunchScreen.storyboard */ = {
			isa = PBXVariantGroup;
			children = (
				A501C00C207C50E50013B096 /* Base */,
			);
			name = LaunchScreen.storyboard;
			sourceTree = "<group>";
		};
/* End PBXVariantGroup section */

/* Begin XCBuildConfiguration section */
		A501C027207C50E50013B096 /* Debug */ = {
			isa = XCBuildConfiguration;
			buildSettings = {
				ALWAYS_SEARCH_USER_PATHS = NO;
				CLANG_ANALYZER_NONNULL = YES;
				CLANG_ANALYZER_NUMBER_OBJECT_CONVERSION = YES_AGGRESSIVE;
				CLANG_CXX_LANGUAGE_STANDARD = "gnu++14";
				CLANG_CXX_LIBRARY = "libc++";
				CLANG_ENABLE_MODULES = YES;
				CLANG_ENABLE_OBJC_ARC = YES;
				CLANG_ENABLE_OBJC_WEAK = YES;
				CLANG_WARN_BLOCK_CAPTURE_AUTORELEASING = YES;
				CLANG_WARN_BOOL_CONVERSION = YES;
				CLANG_WARN_COMMA = YES;
				CLANG_WARN_CONSTANT_CONVERSION = YES;
				CLANG_WARN_DEPRECATED_OBJC_IMPLEMENTATIONS = YES;
				CLANG_WARN_DIRECT_OBJC_ISA_USAGE = YES_ERROR;
				CLANG_WARN_DOCUMENTATION_COMMENTS = YES;
				CLANG_WARN_EMPTY_BODY = YES;
				CLANG_WARN_ENUM_CONVERSION = YES;
				CLANG_WARN_INFINITE_RECURSION = YES;
				CLANG_WARN_INT_CONVERSION = YES;
				CLANG_WARN_NON_LITERAL_NULL_CONVERSION = YES;
				CLANG_WARN_OBJC_IMPLICIT_RETAIN_SELF = YES;
				CLANG_WARN_OBJC_LITERAL_CONVERSION = YES;
				CLANG_WARN_OBJC_ROOT_CLASS = YES_ERROR;
				CLANG_WARN_RANGE_LOOP_ANALYSIS = YES;
				CLANG_WARN_STRICT_PROTOTYPES = YES;
				CLANG_WARN_SUSPICIOUS_MOVE = YES;
				CLANG_WARN_UNGUARDED_AVAILABILITY = YES_AGGRESSIVE;
				CLANG_WARN_UNREACHABLE_CODE = YES;
				CLANG_WARN__DUPLICATE_METHOD_MATCH = YES;
				CODE_SIGN_IDENTITY = "iPhone Developer";
				COPY_PHASE_STRIP = NO;
				DEBUG_INFORMATION_FORMAT = dwarf;
				ENABLE_STRICT_OBJC_MSGSEND = YES;
				ENABLE_TESTABILITY = YES;
				GCC_C_LANGUAGE_STANDARD = gnu11;
				GCC_DYNAMIC_NO_PIC = NO;
				GCC_NO_COMMON_BLOCKS = YES;
				GCC_OPTIMIZATION_LEVEL = 0;
				GCC_PREPROCESSOR_DEFINITIONS = (
					"DEBUG=1",
					"$(inherited)",
				);
				GCC_WARN_64_TO_32_BIT_CONVERSION = YES;
				GCC_WARN_ABOUT_RETURN_TYPE = YES_ERROR;
				GCC_WARN_UNDECLARED_SELECTOR = YES;
				GCC_WARN_UNINITIALIZED_AUTOS = YES_AGGRESSIVE;
				GCC_WARN_UNUSED_FUNCTION = YES;
				GCC_WARN_UNUSED_VARIABLE = YES;
				IPHONEOS_DEPLOYMENT_TARGET = 11.3;
				MTL_ENABLE_DEBUG_INFO = YES;
				ONLY_ACTIVE_ARCH = YES;
				SDKROOT = iphoneos;
			};
			name = Debug;
		};
		A501C028207C50E50013B096 /* Release */ = {
			isa = XCBuildConfiguration;
			buildSettings = {
				ALWAYS_SEARCH_USER_PATHS = NO;
				CLANG_ANALYZER_NONNULL = YES;
				CLANG_ANALYZER_NUMBER_OBJECT_CONVERSION = YES_AGGRESSIVE;
				CLANG_CXX_LANGUAGE_STANDARD = "gnu++14";
				CLANG_CXX_LIBRARY = "libc++";
				CLANG_ENABLE_MODULES = YES;
				CLANG_ENABLE_OBJC_ARC = YES;
				CLANG_ENABLE_OBJC_WEAK = YES;
				CLANG_WARN_BLOCK_CAPTURE_AUTORELEASING = YES;
				CLANG_WARN_BOOL_CONVERSION = YES;
				CLANG_WARN_COMMA = YES;
				CLANG_WARN_CONSTANT_CONVERSION = YES;
				CLANG_WARN_DEPRECATED_OBJC_IMPLEMENTATIONS = YES;
				CLANG_WARN_DIRECT_OBJC_ISA_USAGE = YES_ERROR;
				CLANG_WARN_DOCUMENTATION_COMMENTS = YES;
				CLANG_WARN_EMPTY_BODY = YES;
				CLANG_WARN_ENUM_CONVERSION = YES;
				CLANG_WARN_INFINITE_RECURSION = YES;
				CLANG_WARN_INT_CONVERSION = YES;
				CLANG_WARN_NON_LITERAL_NULL_CONVERSION = YES;
				CLANG_WARN_OBJC_IMPLICIT_RETAIN_SELF = YES;
				CLANG_WARN_OBJC_LITERAL_CONVERSION = YES;
				CLANG_WARN_OBJC_ROOT_CLASS = YES_ERROR;
				CLANG_WARN_RANGE_LOOP_ANALYSIS = YES;
				CLANG_WARN_STRICT_PROTOTYPES = YES;
				CLANG_WARN_SUSPICIOUS_MOVE = YES;
				CLANG_WARN_UNGUARDED_AVAILABILITY = YES_AGGRESSIVE;
				CLANG_WARN_UNREACHABLE_CODE = YES;
				CLANG_WARN__DUPLICATE_METHOD_MATCH = YES;
				CODE_SIGN_IDENTITY = "iPhone Developer";
				COPY_PHASE_STRIP = NO;
				DEBUG_INFORMATION_FORMAT = "dwarf-with-dsym";
				ENABLE_NS_ASSERTIONS = NO;
				ENABLE_STRICT_OBJC_MSGSEND = YES;
				GCC_C_LANGUAGE_STANDARD = gnu11;
				GCC_NO_COMMON_BLOCKS = YES;
				GCC_WARN_64_TO_32_BIT_CONVERSION = YES;
				GCC_WARN_ABOUT_RETURN_TYPE = YES_ERROR;
				GCC_WARN_UNDECLARED_SELECTOR = YES;
				GCC_WARN_UNINITIALIZED_AUTOS = YES_AGGRESSIVE;
				GCC_WARN_UNUSED_FUNCTION = YES;
				GCC_WARN_UNUSED_VARIABLE = YES;
				IPHONEOS_DEPLOYMENT_TARGET = 11.3;
				MTL_ENABLE_DEBUG_INFO = NO;
				SDKROOT = iphoneos;
				VALIDATE_PRODUCT = YES;
			};
			name = Release;
		};
		A501C02A207C50E50013B096 /* Debug */ = {
			isa = XCBuildConfiguration;
			buildSettings = {
				ASSETCATALOG_COMPILER_APPICON_NAME = AppIcon;
				CODE_SIGN_STYLE = Automatic;
				INFOPLIST_FILE = Study_runtime_001/Info.plist;
				LD_RUNPATH_SEARCH_PATHS = (
					"$(inherited)",
					"@executable_path/Frameworks",
				);
				PRODUCT_BUNDLE_IDENTIFIER = "YjjTT.Study-runtime-001";
				PRODUCT_NAME = "$(TARGET_NAME)";
				TARGETED_DEVICE_FAMILY = "1,2";
			};
			name = Debug;
		};
		A501C02B207C50E50013B096 /* Release */ = {
			isa = XCBuildConfiguration;
			buildSettings = {
				ASSETCATALOG_COMPILER_APPICON_NAME = AppIcon;
				CODE_SIGN_STYLE = Automatic;
				INFOPLIST_FILE = Study_runtime_001/Info.plist;
				LD_RUNPATH_SEARCH_PATHS = (
					"$(inherited)",
					"@executable_path/Frameworks",
				);
				PRODUCT_BUNDLE_IDENTIFIER = "YjjTT.Study-runtime-001";
				PRODUCT_NAME = "$(TARGET_NAME)";
				TARGETED_DEVICE_FAMILY = "1,2";
			};
			name = Release;
		};
		A501C02D207C50E50013B096 /* Debug */ = {
			isa = XCBuildConfiguration;
			buildSettings = {
				BUNDLE_LOADER = "$(TEST_HOST)";
				CODE_SIGN_STYLE = Automatic;
				INFOPLIST_FILE = Study_runtime_001Tests/Info.plist;
				LD_RUNPATH_SEARCH_PATHS = (
					"$(inherited)",
					"@executable_path/Frameworks",
					"@loader_path/Frameworks",
				);
				PRODUCT_BUNDLE_IDENTIFIER = "YjjTT.Study-runtime-001Tests";
				PRODUCT_NAME = "$(TARGET_NAME)";
				TARGETED_DEVICE_FAMILY = "1,2";
				TEST_HOST = "$(BUILT_PRODUCTS_DIR)/Study_runtime_001.app/Study_runtime_001";
			};
			name = Debug;
		};
		A501C02E207C50E50013B096 /* Release */ = {
			isa = XCBuildConfiguration;
			buildSettings = {
				BUNDLE_LOADER = "$(TEST_HOST)";
				CODE_SIGN_STYLE = Automatic;
				INFOPLIST_FILE = Study_runtime_001Tests/Info.plist;
				LD_RUNPATH_SEARCH_PATHS = (
					"$(inherited)",
					"@executable_path/Frameworks",
					"@loader_path/Frameworks",
				);
				PRODUCT_BUNDLE_IDENTIFIER = "YjjTT.Study-runtime-001Tests";
				PRODUCT_NAME = "$(TARGET_NAME)";
				TARGETED_DEVICE_FAMILY = "1,2";
				TEST_HOST = "$(BUILT_PRODUCTS_DIR)/Study_runtime_001.app/Study_runtime_001";
			};
			name = Release;
		};
		A501C030207C50E50013B096 /* Debug */ = {
			isa = XCBuildConfiguration;
			buildSettings = {
				CODE_SIGN_STYLE = Automatic;
				INFOPLIST_FILE = Study_runtime_001UITests/Info.plist;
				LD_RUNPATH_SEARCH_PATHS = (
					"$(inherited)",
					"@executable_path/Frameworks",
					"@loader_path/Frameworks",
				);
				PRODUCT_BUNDLE_IDENTIFIER = "YjjTT.Study-runtime-001UITests";
				PRODUCT_NAME = "$(TARGET_NAME)";
				TARGETED_DEVICE_FAMILY = "1,2";
				TEST_TARGET_NAME = Study_runtime_001;
			};
			name = Debug;
		};
		A501C031207C50E50013B096 /* Release */ = {
			isa = XCBuildConfiguration;
			buildSettings = {
				CODE_SIGN_STYLE = Automatic;
				INFOPLIST_FILE = Study_runtime_001UITests/Info.plist;
				LD_RUNPATH_SEARCH_PATHS = (
					"$(inherited)",
					"@executable_path/Frameworks",
					"@loader_path/Frameworks",
				);
				PRODUCT_BUNDLE_IDENTIFIER = "YjjTT.Study-runtime-001UITests";
				PRODUCT_NAME = "$(TARGET_NAME)";
				TARGETED_DEVICE_FAMILY = "1,2";
				TEST_TARGET_NAME = Study_runtime_001;
			};
			name = Release;
		};
/* End XCBuildConfiguration section */

/* Begin XCConfigurationList section */
		A501BFF8207C50E10013B096 /* Build configuration list for PBXProject "Study_runtime_001" */ = {
			isa = XCConfigurationList;
			buildConfigurations = (
				A501C027207C50E50013B096 /* Debug */,
				A501C028207C50E50013B096 /* Release */,
			);
			defaultConfigurationIsVisible = 0;
			defaultConfigurationName = Release;
		};
		A501C029207C50E50013B096 /* Build configuration list for PBXNativeTarget "Study_runtime_001" */ = {
			isa = XCConfigurationList;
			buildConfigurations = (
				A501C02A207C50E50013B096 /* Debug */,
				A501C02B207C50E50013B096 /* Release */,
			);
			defaultConfigurationIsVisible = 0;
			defaultConfigurationName = Release;
		};
		A501C02C207C50E50013B096 /* Build configuration list for PBXNativeTarget "Study_runtime_001Tests" */ = {
			isa = XCConfigurationList;
			buildConfigurations = (
				A501C02D207C50E50013B096 /* Debug */,
				A501C02E207C50E50013B096 /* Release */,
			);
			defaultConfigurationIsVisible = 0;
			defaultConfigurationName = Release;
		};
		A501C02F207C50E50013B096 /* Build configuration list for PBXNativeTarget "Study_runtime_001UITests" */ = {
			isa = XCConfigurationList;
			buildConfigurations = (
				A501C030207C50E50013B096 /* Debug */,
				A501C031207C50E50013B096 /* Release */,
			);
			defaultConfigurationIsVisible = 0;
			defaultConfigurationName = Release;
		};
/* End XCConfigurationList section */
	};
	rootObject = A501BFF5207C50E10013B096 /* Project object */;
}
